
Microsoft Visual Studio Solution File, Format Version 12.00
# Visual Studio Version 16
VisualStudioVersion = 16.0.30907.101
MinimumVisualStudioVersion = 10.0.40219.1
Project("{FAE04EC0-301F-11D3-BF4B-00C04F79EFBC}") = "Portfolio.Web", "Portfolio.Web\Portfolio.Web.csproj", "{1265D9F6-E22D-430C-BE00-A8B72EA57C03}"
EndProject
Global
	GlobalSection(SolutionConfigurationPlatforms) = preSolution
		Debug|Any CPU = Debug|Any CPU
		Release|Any CPU = Release|Any CPU
	EndGlobalSection
	GlobalSection(ProjectConfigurationPlatforms) = postSolution
		{1265D9F6-E22D-430C-BE00-A8B72EA57C03}.Debug|Any CPU.ActiveCfg = Debug|Any CPU
		{1265D9F6-E22D-430C-BE00-A8B72EA57C03}.Debug|Any CPU.Build.0 = Debug|Any CPU
		{1265D9F6-E22D-430C-BE00-A8B72EA57C03}.Release|Any CPU.ActiveCfg = Release|Any CPU
		{1265D9F6-E22D-430C-BE00-A8B72EA57C03}.Release|Any CPU.Build.0 = Release|Any CPU
	EndGlobalSection
	GlobalSection(SolutionProperties) = preSolution
		HideSolutionNode = FALSE
	EndGlobalSection
	GlobalSection(ExtensibilityGlobals) = postSolution
		SolutionGuid = {8E70A1C8-739D-419D-9004-D4BB8FBE194D}
	EndGlobalSection
EndGlobal
